
Microsoft Visual Studio Solution File, Format Version 12.00
# Visual Studio Version 17
VisualStudioVersion = 17.8.34408.163
MinimumVisualStudioVersion = 10.0.40219.1
Project("{2150E333-8FDC-42A3-9474-1A3956D46DE8}") = "0.Solution", "0.Solution", "{1D41D075-8D60-48E4-9B5E-188DDBAC3E1B}"
	ProjectSection(SolutionItems) = preProject
		README.md = README.md
	EndProjectSection
EndProject
Project("{2150E333-8FDC-42A3-9474-1A3956D46DE8}") = "1.Infrastructure", "1.Infrastructure", "{FF9D7ABA-E875-4D82-857F-38127FAB56F9}"
EndProject
Project("{9A19103F-16F7-4668-BE54-9A1E7A4F7556}") = "BookingSolution.Utilities", "BookingSolution.Utilities\BookingSolution.Utilities.csproj", "{129A17A1-61EE-4608-90B7-2AC248069CB4}"
EndProject
Project("{9A19103F-16F7-4668-BE54-9A1E7A4F7556}") = "BookingSolution.ViewModels", "BookingSolution.ViewModels\BookingSolution.ViewModels.csproj", "{CF91C9CF-F8D1-4680-ABBD-478DB6C85ABF}"
EndProject
Project("{9A19103F-16F7-4668-BE54-9A1E7A4F7556}") = "Booking.WebApp", "Booking.WebApp\Booking.WebApp.csproj", "{A229ABF5-E13E-4DAD-BB4E-E21D67933310}"
EndProject
Project("{9A19103F-16F7-4668-BE54-9A1E7A4F7556}") = "Booking.Data", "Booking.Data\Booking.Data.csproj", "{D9F8EBFD-3BA6-48CD-95CD-7587A7E6BC0E}"
EndProject
Project("{2150E333-8FDC-42A3-9474-1A3956D46DE8}") = "2.Domain", "2.Domain", "{41B4AFDF-38DB-4030-A9B9-DD2CAD56DE6D}"
EndProject
Project("{2150E333-8FDC-42A3-9474-1A3956D46DE8}") = "3.Hosts", "3.Hosts", "{03E9B081-4196-4FFE-978A-7D5DFA0CD9E7}"
EndProject
Project("{9A19103F-16F7-4668-BE54-9A1E7A4F7556}") = "Booking.Application", "Booking.Application\Booking.Application.csproj", "{F1EF0B36-C3A7-4113-8841-F2B2C4982AD1}"
EndProject
Project("{9A19103F-16F7-4668-BE54-9A1E7A4F7556}") = "BookingSolution.BackendApi", "BookingSolution.BackendApi\BookingSolution.BackendApi.csproj", "{3BFC3BB5-71D8-4155-938C-86F2DA25585B}"
EndProject
Project("{9A19103F-16F7-4668-BE54-9A1E7A4F7556}") = "Booking.AdminApp", "Booking.AdminApp\Booking.AdminApp.csproj", "{8198339A-18EA-47AC-A572-BD5B8847DEA7}"
EndProject
Project("{FAE04EC0-301F-11D3-BF4B-00C04F79EFBC}") = "Booking.ApiIntegration", "Booking.ApiIntegration\Booking.ApiIntegration.csproj", "{2660B940-A0D6-4247-AC76-AAEE8FD81FE4}"
EndProject
Global
	GlobalSection(SolutionConfigurationPlatforms) = preSolution
		Debug|Any CPU = Debug|Any CPU
		Release|Any CPU = Release|Any CPU
	EndGlobalSection
	GlobalSection(ProjectConfigurationPlatforms) = postSolution
		{129A17A1-61EE-4608-90B7-2AC248069CB4}.Debug|Any CPU.ActiveCfg = Debug|Any CPU
		{129A17A1-61EE-4608-90B7-2AC248069CB4}.Debug|Any CPU.Build.0 = Debug|Any CPU
		{129A17A1-61EE-4608-90B7-2AC248069CB4}.Release|Any CPU.ActiveCfg = Release|Any CPU
		{129A17A1-61EE-4608-90B7-2AC248069CB4}.Release|Any CPU.Build.0 = Release|Any CPU
		{CF91C9CF-F8D1-4680-ABBD-478DB6C85ABF}.Debug|Any CPU.ActiveCfg = Debug|Any CPU
		{CF91C9CF-F8D1-4680-ABBD-478DB6C85ABF}.Debug|Any CPU.Build.0 = Debug|Any CPU
		{CF91C9CF-F8D1-4680-ABBD-478DB6C85ABF}.Release|Any CPU.ActiveCfg = Release|Any CPU
		{CF91C9CF-F8D1-4680-ABBD-478DB6C85ABF}.Release|Any CPU.Build.0 = Release|Any CPU
		{A229ABF5-E13E-4DAD-BB4E-E21D67933310}.Debug|Any CPU.ActiveCfg = Debug|Any CPU
		{A229ABF5-E13E-4DAD-BB4E-E21D67933310}.Debug|Any CPU.Build.0 = Debug|Any CPU
		{A229ABF5-E13E-4DAD-BB4E-E21D67933310}.Release|Any CPU.ActiveCfg = Release|Any CPU
		{A229ABF5-E13E-4DAD-BB4E-E21D67933310}.Release|Any CPU.Build.0 = Release|Any CPU
		{D9F8EBFD-3BA6-48CD-95CD-7587A7E6BC0E}.Debug|Any CPU.ActiveCfg = Debug|Any CPU
		{D9F8EBFD-3BA6-48CD-95CD-7587A7E6BC0E}.Debug|Any CPU.Build.0 = Debug|Any CPU
		{D9F8EBFD-3BA6-48CD-95CD-7587A7E6BC0E}.Release|Any CPU.ActiveCfg = Release|Any CPU
		{D9F8EBFD-3BA6-48CD-95CD-7587A7E6BC0E}.Release|Any CPU.Build.0 = Release|Any CPU
		{F1EF0B36-C3A7-4113-8841-F2B2C4982AD1}.Debug|Any CPU.ActiveCfg = Debug|Any CPU
		{F1EF0B36-C3A7-4113-8841-F2B2C4982AD1}.Debug|Any CPU.Build.0 = Debug|Any CPU
		{F1EF0B36-C3A7-4113-8841-F2B2C4982AD1}.Release|Any CPU.ActiveCfg = Release|Any CPU
		{F1EF0B36-C3A7-4113-8841-F2B2C4982AD1}.Release|Any CPU.Build.0 = Release|Any CPU
		{3BFC3BB5-71D8-4155-938C-86F2DA25585B}.Debug|Any CPU.ActiveCfg = Debug|Any CPU
		{3BFC3BB5-71D8-4155-938C-86F2DA25585B}.Debug|Any CPU.Build.0 = Debug|Any CPU
		{3BFC3BB5-71D8-4155-938C-86F2DA25585B}.Release|Any CPU.ActiveCfg = Release|Any CPU
		{3BFC3BB5-71D8-4155-938C-86F2DA25585B}.Release|Any CPU.Build.0 = Release|Any CPU
		{8198339A-18EA-47AC-A572-BD5B8847DEA7}.Debug|Any CPU.ActiveCfg = Debug|Any CPU
		{8198339A-18EA-47AC-A572-BD5B8847DEA7}.Debug|Any CPU.Build.0 = Debug|Any CPU
		{8198339A-18EA-47AC-A572-BD5B8847DEA7}.Release|Any CPU.ActiveCfg = Release|Any CPU
		{8198339A-18EA-47AC-A572-BD5B8847DEA7}.Release|Any CPU.Build.0 = Release|Any CPU
		{2660B940-A0D6-4247-AC76-AAEE8FD81FE4}.Debug|Any CPU.ActiveCfg = Debug|Any CPU
		{2660B940-A0D6-4247-AC76-AAEE8FD81FE4}.Debug|Any CPU.Build.0 = Debug|Any CPU
		{2660B940-A0D6-4247-AC76-AAEE8FD81FE4}.Release|Any CPU.ActiveCfg = Release|Any CPU
		{2660B940-A0D6-4247-AC76-AAEE8FD81FE4}.Release|Any CPU.Build.0 = Release|Any CPU
	EndGlobalSection
	GlobalSection(SolutionProperties) = preSolution
		HideSolutionNode = FALSE
	EndGlobalSection
	GlobalSection(NestedProjects) = preSolution
		{129A17A1-61EE-4608-90B7-2AC248069CB4} = {FF9D7ABA-E875-4D82-857F-38127FAB56F9}
		{CF91C9CF-F8D1-4680-ABBD-478DB6C85ABF} = {FF9D7ABA-E875-4D82-857F-38127FAB56F9}
		{A229ABF5-E13E-4DAD-BB4E-E21D67933310} = {03E9B081-4196-4FFE-978A-7D5DFA0CD9E7}
		{D9F8EBFD-3BA6-48CD-95CD-7587A7E6BC0E} = {41B4AFDF-38DB-4030-A9B9-DD2CAD56DE6D}
		{F1EF0B36-C3A7-4113-8841-F2B2C4982AD1} = {41B4AFDF-38DB-4030-A9B9-DD2CAD56DE6D}
		{3BFC3BB5-71D8-4155-938C-86F2DA25585B} = {03E9B081-4196-4FFE-978A-7D5DFA0CD9E7}
		{8198339A-18EA-47AC-A572-BD5B8847DEA7} = {03E9B081-4196-4FFE-978A-7D5DFA0CD9E7}
		{2660B940-A0D6-4247-AC76-AAEE8FD81FE4} = {03E9B081-4196-4FFE-978A-7D5DFA0CD9E7}
	EndGlobalSection
	GlobalSection(ExtensibilityGlobals) = postSolution
		SolutionGuid = {21564CFA-827D-4E23-9A68-46B55704DA3D}
	EndGlobalSection
EndGlobal
